
Microsoft Visual Studio Solution File, Format Version 12.00
# Visual Studio Version 17
VisualStudioVersion = 17.7.34031.279
MinimumVisualStudioVersion = 10.0.40219.1
Project("{FAE04EC0-301F-11D3-BF4B-00C04F79EFBC}") = "seleniumBasic", "seleniumBasic\seleniumBasic.csproj", "{FC5C66FF-4E25-46E0-B286-B20E93852A6E}"
EndProject
Global
	GlobalSection(SolutionConfigurationPlatforms) = preSolution
		Debug|Any CPU = Debug|Any CPU
		Release|Any CPU = Release|Any CPU
	EndGlobalSection
	GlobalSection(ProjectConfigurationPlatforms) = postSolution
		{FC5C66FF-4E25-46E0-B286-B20E93852A6E}.Debug|Any CPU.ActiveCfg = Debug|Any CPU
		{FC5C66FF-4E25-46E0-B286-B20E93852A6E}.Debug|Any CPU.Build.0 = Debug|Any CPU
		{FC5C66FF-4E25-46E0-B286-B20E93852A6E}.Release|Any CPU.ActiveCfg = Release|Any CPU
		{FC5C66FF-4E25-46E0-B286-B20E93852A6E}.Release|Any CPU.Build.0 = Release|Any CPU
	EndGlobalSection
	GlobalSection(SolutionProperties) = preSolution
		HideSolutionNode = FALSE
	EndGlobalSection
	GlobalSection(ExtensibilityGlobals) = postSolution
		SolutionGuid = {5774A12B-3577-4AE4-A823-7998AD814CB0}
	EndGlobalSection
EndGlobal
